github.com/GodsBoss/gggg v1.1.0 h1:CTFI/lSSNEHJzKFddDy6re1KUHPuxMWLykPGtTbrax0=
github.com/GodsBoss/gggg v1.1.0/go.mod h1:9YmMPPPX1LuivQSxSFEN1C0dNpS5vxdB5Jk9czIhRQo=
github.com/GodsBoss/ld46 v0.0.0-20200501174337-9989d13f1398 h1:FqWXCSz96Vo5HJSTDiNxsvLqUVBgmPgIMeqHsUOOKRo=
github.com/GodsBoss/ld46 v0.0.0-20200501174337-9989d13f1398/go.mod h1:bPvptmq4suVhRSYGKKrP/DWsCCTXg4RBLq0gIcspmcI=
